// !$*UTF8*$!
{
	archiveVersion = 1;
	classes = {
	};
	objectVersion = 46;
	objects = {

/* Begin PBXBuildFile section */
		04A93BA31561F235002DA291 /* UIKit.framework in Frameworks */ = {isa = PBXBuildFile; fileRef = 04A93BA21561F235002DA291 /* UIKit.framework */; };
		04A93BA51561F235002DA291 /* Foundation.framework in Frameworks */ = {isa = PBXBuildFile; fileRef = 04A93BA41561F235002DA291 /* Foundation.framework */; };
		04A93BAB1561F235002DA291 /* InfoPlist.strings in Resources */ = {isa = PBXBuildFile; fileRef = 04A93BA91561F235002DA291 /* InfoPlist.strings */; };
		04A93BAD1561F235002DA291 /* main.m in Sources */ = {isa = PBXBuildFile; fileRef = 04A93BAC1561F235002DA291 /* main.m */; };
		04A93BB11561F235002DA291 /* AppDelegate.m in Sources */ = {isa = PBXBuildFile; fileRef = 04A93BB01561F235002DA291 /* AppDelegate.m */; };
/* End PBXBuildFile section */

/* Begin PBXFileReference section */
		04A93B9E1561F235002DA291 /* 线程详解.app */ = {isa = PBXFileReference; explicitFileType = wrapper.application; includeInIndex = 0; path = "线程详解.app"; sourceTree = BUILT_PRODUCTS_DIR; };
		04A93BA21561F235002DA291 /* UIKit.framework */ = {isa = PBXFileReference; lastKnownFileType = wrapper.framework; name = UIKit.framework; path = System/Library/Frameworks/UIKit.framework; sourceTree = SDKROOT; };
		04A93BA41561F235002DA291 /* Foundation.framework */ = {isa = PBXFileReference; lastKnownFileType = wrapper.framework; name = Foundation.framework; path = System/Library/Frameworks/Foundation.framework; sourceTree = SDKROOT; };
		04A93BA81561F235002DA291 /* 线程详解-Info.plist */ = {isa = PBXFileReference; path = "线程详解-Info.plist"; sourceTree = "<group>"; };
		04A93BAA1561F235002DA291 /* en */ = {isa = PBXFileReference; lastKnownFileType = text.plist.strings; name = en; path = en.lproj/InfoPlist.strings; sourceTree = "<group>"; };
		04A93BAC1561F235002DA291 /* main.m */ = {isa = PBXFileReference; lastKnownFileType = sourcecode.c.objc; path = main.m; sourceTree = "<group>"; };
		04A93BAE1561F235002DA291 /* 线程详解-Prefix.pch */ = {isa = PBXFileReference; path = "线程详解-Prefix.pch"; sourceTree = "<group>"; };
		04A93BAF1561F235002DA291 /* AppDelegate.h */ = {isa = PBXFileReference; path = AppDelegate.h; sourceTree = "<group>"; };
		04A93BB01561F235002DA291 /* AppDelegate.m */ = {isa = PBXFileReference; lastKnownFileType = sourcecode.c.objc; path = AppDelegate.m; sourceTree = "<group>"; };
/* End PBXFileReference section */

/* Begin PBXFrameworksBuildPhase section */
		04A93B9B1561F235002DA291 /* Frameworks */ = {
			isa = PBXFrameworksBuildPhase;
			buildActionMask = 2147483647;
			files = (
				04A93BA31561F235002DA291 /* UIKit.framework in Frameworks */,
				04A93BA51561F235002DA291 /* Foundation.framework in Frameworks */,
			);
			runOnlyForDeploymentPostprocessing = 0;
		};
/* End PBXFrameworksBuildPhase section */

/* Begin PBXGroup section */
		04A93B931561F235002DA291 = {
			isa = PBXGroup;
			children = (
				04A93BA61561F235002DA291 /* 线程详解 */,
				04A93BA11561F235002DA291 /* Frameworks */,
				04A93B9F1561F235002DA291 /* Products */,
			);
			sourceTree = "<group>";
		};
		04A93B9F1561F235002DA291 /* Products */ = {
			isa = PBXGroup;
			children = (
				04A93B9E1561F235002DA291 /* 线程详解.app */,
			);
			name = Products;
			sourceTree = "<group>";
		};
		04A93BA11561F235002DA291 /* Frameworks */ = {
			isa = PBXGroup;
			children = (
				04A93BA21561F235002DA291 /* UIKit.framework */,
				04A93BA41561F235002DA291 /* Foundation.framework */,
			);
			name = Frameworks;
			sourceTree = "<group>";
		};
		04A93BA61561F235002DA291 /* 线程详解 */ = {
			isa = PBXGroup;
			children = (
				04A93BAF1561F235002DA291 /* AppDelegate.h */,
				04A93BB01561F235002DA291 /* AppDelegate.m */,
				04A93BA71561F235002DA291 /* Supporting Files */,
			);
			path = "线程详解";
			sourceTree = "<group>";
		};
		04A93BA71561F235002DA291 /* Supporting Files */ = {
			isa = PBXGroup;
			children = (
				04A93BA81561F235002DA291 /* 线程详解-Info.plist */,
				04A93BA91561F235002DA291 /* InfoPlist.strings */,
				04A93BAC1561F235002DA291 /* main.m */,
				04A93BAE1561F235002DA291 /* 线程详解-Prefix.pch */,
			);
			name = "Supporting Files";
			sourceTree = "<group>";
		};
/* End PBXGroup section */

/* Begin PBXNativeTarget section */
		04A93B9D1561F235002DA291 /* 线程详解 */ = {
			isa = PBXNativeTarget;
			buildConfigurationList = 04A93BB41561F235002DA291 /* Build configuration list for PBXNativeTarget "线程详解" */;
			buildPhases = (
				04A93B9A1561F235002DA291 /* Sources */,
				04A93B9B1561F235002DA291 /* Frameworks */,
				04A93B9C1561F235002DA291 /* Resources */,
			);
			buildRules = (
			);
			dependencies = (
			);
			name = "线程详解";
			productName = "线程详解";
			productReference = 04A93B9E1561F235002DA291 /* 线程详解.app */;
			productType = "com.apple.product-type.application";
		};
/* End PBXNativeTarget section */

/* Begin PBXProject section */
		04A93B951561F235002DA291 /* Project object */ = {
			isa = PBXProject;
			attributes = {
				LastUpgradeCheck = 0420;
				ORGANIZATIONNAME = wer;
			};
			buildConfigurationList = 04A93B981561F235002DA291 /* Build configuration list for PBXProject "线程详解" */;
			compatibilityVersion = "Xcode 3.2";
			developmentRegion = English;
			hasScannedForEncodings = 0;
			knownRegions = (
				en,
			);
			mainGroup = 04A93B931561F235002DA291;
			productRefGroup = 04A93B9F1561F235002DA291 /* Products */;
			projectDirPath = "";
			projectRoot = "";
			targets = (
				04A93B9D1561F235002DA291 /* 线程详解 */,
			);
		};
/* End PBXProject section */

/* Begin PBXResourcesBuildPhase section */
		04A93B9C1561F235002DA291 /* Resources */ = {
			isa = PBXResourcesBuildPhase;
			buildActionMask = 2147483647;
			files = (
				04A93BAB1561F235002DA291 /* InfoPlist.strings in Resources */,
			);
			runOnlyForDeploymentPostprocessing = 0;
		};
/* End PBXResourcesBuildPhase section */

/* Begin PBXSourcesBuildPhase section */
		04A93B9A1561F235002DA291 /* Sources */ = {
			isa = PBXSourcesBuildPhase;
			buildActionMask = 2147483647;
			files = (
				04A93BAD1561F235002DA291 /* main.m in Sources */,
				04A93BB11561F235002DA291 /* AppDelegate.m in Sources */,
			);
			runOnlyForDeploymentPostprocessing = 0;
		};
/* End PBXSourcesBuildPhase section */

/* Begin PBXVariantGroup section */
		04A93BA91561F235002DA291 /* InfoPlist.strings */ = {
			isa = PBXVariantGroup;
			children = (
				04A93BAA1561F235002DA291 /* en */,
			);
			name = InfoPlist.strings;
			sourceTree = "<group>";
		};
/* End PBXVariantGroup section */

/* Begin XCBuildConfiguration section */
		04A93BB21561F235002DA291 /* Debug */ = {
			isa = XCBuildConfiguration;
			buildSettings = {
				ALWAYS_SEARCH_USER_PATHS = NO;
				ARCHS = "$(ARCHS_STANDARD_32_BIT)";
				"CODE_SIGN_IDENTITY[sdk=iphoneos*]" = "iPhone Developer";
				COPY_PHASE_STRIP = NO;
				GCC_C_LANGUAGE_STANDARD = gnu99;
				GCC_DYNAMIC_NO_PIC = NO;
				GCC_OPTIMIZATION_LEVEL = 0;
				GCC_PREPROCESSOR_DEFINITIONS = (
					"DEBUG=1",
					"$(inherited)",
				);
				GCC_SYMBOLS_PRIVATE_EXTERN = NO;
				GCC_VERSION = com.apple.compilers.llvm.clang.1_0;
				GCC_WARN_ABOUT_MISSING_PROTOTYPES = YES;
				GCC_WARN_ABOUT_RETURN_TYPE = YES;
				GCC_WARN_UNUSED_VARIABLE = YES;
				IPHONEOS_DEPLOYMENT_TARGET = 5.0;
				SDKROOT = iphoneos;
			};
			name = Debug;
		};
		04A93BB31561F235002DA291 /* Release */ = {
			isa = XCBuildConfiguration;
			buildSettings = {
				ALWAYS_SEARCH_USER_PATHS = NO;
				ARCHS = "$(ARCHS_STANDARD_32_BIT)";
				"CODE_SIGN_IDENTITY[sdk=iphoneos*]" = "iPhone Developer";
				COPY_PHASE_STRIP = YES;
				GCC_C_LANGUAGE_STANDARD = gnu99;
				GCC_VERSION = com.apple.compilers.llvm.clang.1_0;
				GCC_WARN_ABOUT_MISSING_PROTOTYPES = YES;
				GCC_WARN_ABOUT_RETURN_TYPE = YES;
				GCC_WARN_UNUSED_VARIABLE = YES;
				IPHONEOS_DEPLOYMENT_TARGET = 5.0;
				OTHER_CFLAGS = "-DNS_BLOCK_ASSERTIONS=1";
				SDKROOT = iphoneos;
				VALIDATE_PRODUCT = YES;
			};
			name = Release;
		};
		04A93BB51561F235002DA291 /* Debug */ = {
			isa = XCBuildConfiguration;
			buildSettings = {
				GCC_PRECOMPILE_PREFIX_HEADER = YES;
				GCC_PREFIX_HEADER = "线程详解/线程详解-Prefix.pch";
				INFOPLIST_FILE = "线程详解/线程详解-Info.plist";
				PRODUCT_NAME = "$(TARGET_NAME)";
				WRAPPER_EXTENSION = app;
			};
			name = Debug;
		};
		04A93BB61561F235002DA291 /* Release */ = {
			isa = XCBuildConfiguration;
			buildSettings = {
				GCC_PRECOMPILE_PREFIX_HEADER = YES;
				GCC_PREFIX_HEADER = "线程详解/线程详解-Prefix.pch";
				INFOPLIST_FILE = "线程详解/线程详解-Info.plist";
				PRODUCT_NAME = "$(TARGET_NAME)";
				WRAPPER_EXTENSION = app;
			};
			name = Release;
		};
/* End XCBuildConfiguration section */

/* Begin XCConfigurationList section */
		04A93B981561F235002DA291 /* Build configuration list for PBXProject "线程详解" */ = {
			isa = XCConfigurationList;
			buildConfigurations = (
				04A93BB21561F235002DA291 /* Debug */,
				04A93BB31561F235002DA291 /* Release */,
			);
			defaultConfigurationIsVisible = 0;
			defaultConfigurationName = Release;
		};
		04A93BB41561F235002DA291 /* Build configuration list for PBXNativeTarget "线程详解" */ = {
			isa = XCConfigurationList;
			buildConfigurations = (
				04A93BB51561F235002DA291 /* Debug */,
				04A93BB61561F235002DA291 /* Release */,
			);
			defaultConfigurationIsVisible = 0;
		};
/* End XCConfigurationList section */
	};
	rootObject = 04A93B951561F235002DA291 /* Project object */;
}
